
Microsoft Visual Studio Solution File, Format Version 12.00
# Visual Studio 15
VisualStudioVersion = 15.0.26228.9
MinimumVisualStudioVersion = 10.0.40219.1
Project("{9A19103F-16F7-4668-BE54-9A1E7A4F7556}") = "Microsoft.DiaSymReader.PortablePdb", "src\Microsoft.DiaSymReader.PortablePdb\Microsoft.DiaSymReader.PortablePdb.csproj", "{0B7BE784-8FBA-419D-82B2-377EA827CD62}"
EndProject
Project("{9A19103F-16F7-4668-BE54-9A1E7A4F7556}") = "Microsoft.DiaSymReader.PortablePdb.UnitTests", "src\Microsoft.DiaSymReader.PortablePdb.Tests\Microsoft.DiaSymReader.PortablePdb.UnitTests.csproj", "{A6254A83-E3EF-47B8-967E-8D1455CE6905}"
EndProject
Global
	GlobalSection(SolutionConfigurationPlatforms) = preSolution
		Debug|Any CPU = Debug|Any CPU
		Debug|x64 = Debug|x64
		Release|Any CPU = Release|Any CPU
		Release|x64 = Release|x64
	EndGlobalSection
	GlobalSection(ProjectConfigurationPlatforms) = postSolution
		{0B7BE784-8FBA-419D-82B2-377EA827CD62}.Debug|Any CPU.ActiveCfg = Debug|Any CPU
		{0B7BE784-8FBA-419D-82B2-377EA827CD62}.Debug|Any CPU.Build.0 = Debug|Any CPU
		{0B7BE784-8FBA-419D-82B2-377EA827CD62}.Debug|x64.ActiveCfg = Debug|Any CPU
		{0B7BE784-8FBA-419D-82B2-377EA827CD62}.Debug|x64.Build.0 = Debug|Any CPU
		{0B7BE784-8FBA-419D-82B2-377EA827CD62}.Release|Any CPU.ActiveCfg = Release|Any CPU
		{0B7BE784-8FBA-419D-82B2-377EA827CD62}.Release|Any CPU.Build.0 = Release|Any CPU
		{0B7BE784-8FBA-419D-82B2-377EA827CD62}.Release|x64.ActiveCfg = Release|Any CPU
		{0B7BE784-8FBA-419D-82B2-377EA827CD62}.Release|x64.Build.0 = Release|Any CPU
		{A6254A83-E3EF-47B8-967E-8D1455CE6905}.Debug|Any CPU.ActiveCfg = Debug|Any CPU
		{A6254A83-E3EF-47B8-967E-8D1455CE6905}.Debug|Any CPU.Build.0 = Debug|Any CPU
		{A6254A83-E3EF-47B8-967E-8D1455CE6905}.Debug|x64.ActiveCfg = Debug|Any CPU
		{A6254A83-E3EF-47B8-967E-8D1455CE6905}.Debug|x64.Build.0 = Debug|Any CPU
		{A6254A83-E3EF-47B8-967E-8D1455CE6905}.Release|Any CPU.ActiveCfg = Release|Any CPU
		{A6254A83-E3EF-47B8-967E-8D1455CE6905}.Release|Any CPU.Build.0 = Release|Any CPU
		{A6254A83-E3EF-47B8-967E-8D1455CE6905}.Release|x64.ActiveCfg = Release|Any CPU
		{A6254A83-E3EF-47B8-967E-8D1455CE6905}.Release|x64.Build.0 = Release|Any CPU
	EndGlobalSection
	GlobalSection(SolutionProperties) = preSolution
		HideSolutionNode = FALSE
	EndGlobalSection
EndGlobal
